
Microsoft Visual Studio Solution File, Format Version 12.00
# Visual Studio 15
VisualStudioVersion = 15.0.27703.2042
MinimumVisualStudioVersion = 10.0.40219.1
Project("{9A19103F-16F7-4668-BE54-9A1E7A4F7556}") = "algs4net", "algs4net\algs4net.csproj", "{1B486F27-5F0A-4B1A-84E9-B9E0F6D71956}"
EndProject
Project("{9A19103F-16F7-4668-BE54-9A1E7A4F7556}") = "algs4net.Tests", "algs4net.Tests\algs4net.Tests.csproj", "{547BED91-C933-4CEC-8BA2-60013BF6F677}"
EndProject
Project("{2150E333-8FDC-42A3-9474-1A3956D46DE8}") = "Solution Items", "Solution Items", "{E7C49408-6643-445C-8FBB-C6B9252E1BCE}"
	ProjectSection(SolutionItems) = preProject
		LICENSE = LICENSE
		README.md = README.md
	EndProjectSection
EndProject
Global
	GlobalSection(SolutionConfigurationPlatforms) = preSolution
		Debug|Any CPU = Debug|Any CPU
		Release|Any CPU = Release|Any CPU
	EndGlobalSection
	GlobalSection(ProjectConfigurationPlatforms) = postSolution
		{1B486F27-5F0A-4B1A-84E9-B9E0F6D71956}.Debug|Any CPU.ActiveCfg = Debug|Any CPU
		{1B486F27-5F0A-4B1A-84E9-B9E0F6D71956}.Debug|Any CPU.Build.0 = Debug|Any CPU
		{1B486F27-5F0A-4B1A-84E9-B9E0F6D71956}.Release|Any CPU.ActiveCfg = Release|Any CPU
		{1B486F27-5F0A-4B1A-84E9-B9E0F6D71956}.Release|Any CPU.Build.0 = Release|Any CPU
		{547BED91-C933-4CEC-8BA2-60013BF6F677}.Debug|Any CPU.ActiveCfg = Debug|Any CPU
		{547BED91-C933-4CEC-8BA2-60013BF6F677}.Debug|Any CPU.Build.0 = Debug|Any CPU
		{547BED91-C933-4CEC-8BA2-60013BF6F677}.Release|Any CPU.ActiveCfg = Release|Any CPU
		{547BED91-C933-4CEC-8BA2-60013BF6F677}.Release|Any CPU.Build.0 = Release|Any CPU
	EndGlobalSection
	GlobalSection(SolutionProperties) = preSolution
		HideSolutionNode = FALSE
	EndGlobalSection
	GlobalSection(ExtensibilityGlobals) = postSolution
		SolutionGuid = {402055E7-D569-47AE-AB2C-C41D87F32F1C}
	EndGlobalSection
EndGlobal
